
Microsoft Visual Studio Solution File, Format Version 12.00
# Visual Studio Version 16
VisualStudioVersion = 16.0.29123.88
MinimumVisualStudioVersion = 10.0.40219.1
Project("{9A19103F-16F7-4668-BE54-9A1E7A4F7556}") = "DebugHelp", "DebugHelp\DebugHelp.csproj", "{F95563D3-569B-4D59-BD8B-C9E69CD62FB7}"
EndProject
Project("{9A19103F-16F7-4668-BE54-9A1E7A4F7556}") = "MSVCRTTI", "MSVCRTTI\MSVCRTTI.csproj", "{4582F35B-2DC0-411A-8A8B-1B8B982172CD}"
EndProject
Project("{9A19103F-16F7-4668-BE54-9A1E7A4F7556}") = "GDBClient", "GDBClient\GDBClient.csproj", "{D3A0B6B7-691C-449A-96B5-E19DFD012169}"
EndProject
Project("{9A19103F-16F7-4668-BE54-9A1E7A4F7556}") = "Win32ProcessAccess", "Win32ProcessAccess\Win32ProcessAccess.csproj", "{E57BAFA0-7748-4011-913D-1258E90AF6C2}"
EndProject
Project("{9A19103F-16F7-4668-BE54-9A1E7A4F7556}") = "PdbAccess", "PdbAccess\PdbAccess.csproj", "{28897B05-26A9-4122-823D-42AC57720E20}"
EndProject
Project("{2150E333-8FDC-42A3-9474-1A3956D46DE8}") = "Tests", "Tests", "{C0CA01EB-B578-4C26-BEA2-E8346070C9B7}"
EndProject
Project("{9A19103F-16F7-4668-BE54-9A1E7A4F7556}") = "ModuleVsFileMapping", "ModuleVsFileMapping\ModuleVsFileMapping.csproj", "{3050E0B9-694E-45E3-BEE5-A2380C123CC6}"
EndProject
Project("{FAE04EC0-301F-11D3-BF4B-00C04F79EFBC}") = "CdControl", "CdControl\CdControl.csproj", "{7AA00EC0-66E9-4F4D-AC37-F9DF498E4FDF}"
EndProject
Project("{9A19103F-16F7-4668-BE54-9A1E7A4F7556}") = "Win32Base", "Win32Base\Win32Base.csproj", "{DD1A28CE-0DC8-4F02-B157-FA92719B1DA7}"
EndProject
Project("{9A19103F-16F7-4668-BE54-9A1E7A4F7556}") = "Win32CdAccess", "Win32CdAccess\Win32CdAccess.csproj", "{C243DC2A-A152-416D-B8AE-AFA8C7E00810}"
EndProject
Project("{9A19103F-16F7-4668-BE54-9A1E7A4F7556}") = "Win32WaitChain", "Win32WaitChain\Win32WaitChain.csproj", "{F4C4A85C-1767-4FCF-9AC2-374ED4789F46}"
EndProject
Project("{9A19103F-16F7-4668-BE54-9A1E7A4F7556}") = "Stackwalker", "Stackwalker\Stackwalker.csproj", "{FAEC716F-5BA1-460E-B907-02B9E2579772}"
EndProject
Project("{9A19103F-16F7-4668-BE54-9A1E7A4F7556}") = "DIA", "..\diacom\ComInterfaces\DIA\DIA.csproj", "{B26AD97D-E148-411E-9365-99BC68403B7E}"
EndProject
Project("{FAE04EC0-301F-11D3-BF4B-00C04F79EFBC}") = "StackDumper", "StackDumper\StackDumper.csproj", "{A369A3BF-7863-4B9B-A28E-8BAFEDA4B883}"
EndProject
Project("{9A19103F-16F7-4668-BE54-9A1E7A4F7556}") = "Win32BatteryAccess", "Win32BatteryAccess\Win32BatteryAccess.csproj", "{729B6538-C742-4F3C-BD7A-7AA237998365}"
EndProject
Project("{9A19103F-16F7-4668-BE54-9A1E7A4F7556}") = "Win32DeviceEnum", "Win32DeviceEnum\Win32DeviceEnum.csproj", "{F8B02EF0-7299-4E7B-98AF-6CFD56493A1C}"
EndProject
Project("{FAE04EC0-301F-11D3-BF4B-00C04F79EFBC}") = "BatteryTest", "BatteryTest\BatteryTest.csproj", "{CABE58AC-9541-44CF-B8C5-C40B31BBF7EB}"
EndProject
Project("{FAE04EC0-301F-11D3-BF4B-00C04F79EFBC}") = "JobTest", "JobTest\JobTest.csproj", "{6FF407C8-A6BA-4AFF-AB53-55D6C0881DDE}"
EndProject
Project("{FAE04EC0-301F-11D3-BF4B-00C04F79EFBC}") = "TokenTest", "TokenTest\TokenTest.csproj", "{B89535A3-59C3-44EF-8A66-EEDDCA968284}"
EndProject
Project("{9A19103F-16F7-4668-BE54-9A1E7A4F7556}") = "Win32LastUnloadedModules", "Win32LastUnloadedModules\Win32LastUnloadedModules.csproj", "{C168ADFD-7A3B-49AF-8D11-2F6D1BE39348}"
EndProject
Project("{FAE04EC0-301F-11D3-BF4B-00C04F79EFBC}") = "UnloadedModuleTest", "UnloadedModuleTest\UnloadedModuleTest.csproj", "{764CEA15-0A27-4A93-BAD6-F89C2B450B9C}"
EndProject
Project("{FAE04EC0-301F-11D3-BF4B-00C04F79EFBC}") = "Win32RestartManager", "Win32RestartManager\Win32RestartManager.csproj", "{07C6E182-768D-4801-9FDD-199E5E328E27}"
EndProject
Project("{FAE04EC0-301F-11D3-BF4B-00C04F79EFBC}") = "RestartTest", "RestartTest\RestartTest.csproj", "{A1C31960-F751-4B86-9AFA-027716783832}"
EndProject
Global
	GlobalSection(SolutionConfigurationPlatforms) = preSolution
		Debug|Any CPU = Debug|Any CPU
		Debug|x64 = Debug|x64
		Debug|x86 = Debug|x86
		Release|Any CPU = Release|Any CPU
		Release|x64 = Release|x64
		Release|x86 = Release|x86
	EndGlobalSection
	GlobalSection(ProjectConfigurationPlatforms) = postSolution
		{F95563D3-569B-4D59-BD8B-C9E69CD62FB7}.Debug|Any CPU.ActiveCfg = Debug|x86
		{F95563D3-569B-4D59-BD8B-C9E69CD62FB7}.Debug|x64.ActiveCfg = Debug|x64
		{F95563D3-569B-4D59-BD8B-C9E69CD62FB7}.Debug|x64.Build.0 = Debug|x64
		{F95563D3-569B-4D59-BD8B-C9E69CD62FB7}.Debug|x86.ActiveCfg = Debug|x86
		{F95563D3-569B-4D59-BD8B-C9E69CD62FB7}.Debug|x86.Build.0 = Debug|x86
		{F95563D3-569B-4D59-BD8B-C9E69CD62FB7}.Release|Any CPU.ActiveCfg = Release|x86
		{F95563D3-569B-4D59-BD8B-C9E69CD62FB7}.Release|x64.ActiveCfg = Release|x64
		{F95563D3-569B-4D59-BD8B-C9E69CD62FB7}.Release|x64.Build.0 = Release|x64
		{F95563D3-569B-4D59-BD8B-C9E69CD62FB7}.Release|x86.ActiveCfg = Release|x86
		{F95563D3-569B-4D59-BD8B-C9E69CD62FB7}.Release|x86.Build.0 = Release|x86
		{4582F35B-2DC0-411A-8A8B-1B8B982172CD}.Debug|Any CPU.ActiveCfg = Debug|x86
		{4582F35B-2DC0-411A-8A8B-1B8B982172CD}.Debug|x64.ActiveCfg = Debug|x64
		{4582F35B-2DC0-411A-8A8B-1B8B982172CD}.Debug|x64.Build.0 = Debug|x64
		{4582F35B-2DC0-411A-8A8B-1B8B982172CD}.Debug|x86.ActiveCfg = Debug|x86
		{4582F35B-2DC0-411A-8A8B-1B8B982172CD}.Debug|x86.Build.0 = Debug|x86
		{4582F35B-2DC0-411A-8A8B-1B8B982172CD}.Release|Any CPU.ActiveCfg = Release|x86
		{4582F35B-2DC0-411A-8A8B-1B8B982172CD}.Release|x64.ActiveCfg = Release|x64
		{4582F35B-2DC0-411A-8A8B-1B8B982172CD}.Release|x64.Build.0 = Release|x64
		{4582F35B-2DC0-411A-8A8B-1B8B982172CD}.Release|x86.ActiveCfg = Release|x86
		{4582F35B-2DC0-411A-8A8B-1B8B982172CD}.Release|x86.Build.0 = Release|x86
		{D3A0B6B7-691C-449A-96B5-E19DFD012169}.Debug|Any CPU.ActiveCfg = Debug|x86
		{D3A0B6B7-691C-449A-96B5-E19DFD012169}.Debug|x64.ActiveCfg = Debug|x64
		{D3A0B6B7-691C-449A-96B5-E19DFD012169}.Debug|x64.Build.0 = Debug|x64
		{D3A0B6B7-691C-449A-96B5-E19DFD012169}.Debug|x86.ActiveCfg = Debug|x86
		{D3A0B6B7-691C-449A-96B5-E19DFD012169}.Debug|x86.Build.0 = Debug|x86
		{D3A0B6B7-691C-449A-96B5-E19DFD012169}.Release|Any CPU.ActiveCfg = Release|x86
		{D3A0B6B7-691C-449A-96B5-E19DFD012169}.Release|x64.ActiveCfg = Release|x64
		{D3A0B6B7-691C-449A-96B5-E19DFD012169}.Release|x64.Build.0 = Release|x64
		{D3A0B6B7-691C-449A-96B5-E19DFD012169}.Release|x86.ActiveCfg = Release|x86
		{D3A0B6B7-691C-449A-96B5-E19DFD012169}.Release|x86.Build.0 = Release|x86
		{E57BAFA0-7748-4011-913D-1258E90AF6C2}.Debug|Any CPU.ActiveCfg = Debug|x86
		{E57BAFA0-7748-4011-913D-1258E90AF6C2}.Debug|x64.ActiveCfg = Debug|x64
		{E57BAFA0-7748-4011-913D-1258E90AF6C2}.Debug|x64.Build.0 = Debug|x64
		{E57BAFA0-7748-4011-913D-1258E90AF6C2}.Debug|x86.ActiveCfg = Debug|x86
		{E57BAFA0-7748-4011-913D-1258E90AF6C2}.Debug|x86.Build.0 = Debug|x86
		{E57BAFA0-7748-4011-913D-1258E90AF6C2}.Release|Any CPU.ActiveCfg = Release|x86
		{E57BAFA0-7748-4011-913D-1258E90AF6C2}.Release|x64.ActiveCfg = Release|x64
		{E57BAFA0-7748-4011-913D-1258E90AF6C2}.Release|x64.Build.0 = Release|x64
		{E57BAFA0-7748-4011-913D-1258E90AF6C2}.Release|x86.ActiveCfg = Release|x86
		{E57BAFA0-7748-4011-913D-1258E90AF6C2}.Release|x86.Build.0 = Release|x86
		{28897B05-26A9-4122-823D-42AC57720E20}.Debug|Any CPU.ActiveCfg = Debug|x86
		{28897B05-26A9-4122-823D-42AC57720E20}.Debug|x64.ActiveCfg = Debug|x86
		{28897B05-26A9-4122-823D-42AC57720E20}.Debug|x86.ActiveCfg = Debug|x86
		{28897B05-26A9-4122-823D-42AC57720E20}.Debug|x86.Build.0 = Debug|x86
		{28897B05-26A9-4122-823D-42AC57720E20}.Release|Any CPU.ActiveCfg = Release|x86
		{28897B05-26A9-4122-823D-42AC57720E20}.Release|x64.ActiveCfg = Release|x86
		{28897B05-26A9-4122-823D-42AC57720E20}.Release|x86.ActiveCfg = Release|x86
		{28897B05-26A9-4122-823D-42AC57720E20}.Release|x86.Build.0 = Release|x86
		{3050E0B9-694E-45E3-BEE5-A2380C123CC6}.Debug|Any CPU.ActiveCfg = Debug|Any CPU
		{3050E0B9-694E-45E3-BEE5-A2380C123CC6}.Debug|Any CPU.Build.0 = Debug|Any CPU
		{3050E0B9-694E-45E3-BEE5-A2380C123CC6}.Debug|x64.ActiveCfg = Debug|Any CPU
		{3050E0B9-694E-45E3-BEE5-A2380C123CC6}.Debug|x64.Build.0 = Debug|Any CPU
		{3050E0B9-694E-45E3-BEE5-A2380C123CC6}.Debug|x86.ActiveCfg = Debug|Any CPU
		{3050E0B9-694E-45E3-BEE5-A2380C123CC6}.Debug|x86.Build.0 = Debug|Any CPU
		{3050E0B9-694E-45E3-BEE5-A2380C123CC6}.Release|Any CPU.ActiveCfg = Debug|Any CPU
		{3050E0B9-694E-45E3-BEE5-A2380C123CC6}.Release|Any CPU.Build.0 = Debug|Any CPU
		{3050E0B9-694E-45E3-BEE5-A2380C123CC6}.Release|x64.ActiveCfg = Debug|Any CPU
		{3050E0B9-694E-45E3-BEE5-A2380C123CC6}.Release|x64.Build.0 = Debug|Any CPU
		{3050E0B9-694E-45E3-BEE5-A2380C123CC6}.Release|x86.ActiveCfg = Debug|Any CPU
		{3050E0B9-694E-45E3-BEE5-A2380C123CC6}.Release|x86.Build.0 = Debug|Any CPU
		{7AA00EC0-66E9-4F4D-AC37-F9DF498E4FDF}.Debug|Any CPU.ActiveCfg = Debug|Any CPU
		{7AA00EC0-66E9-4F4D-AC37-F9DF498E4FDF}.Debug|Any CPU.Build.0 = Debug|Any CPU
		{7AA00EC0-66E9-4F4D-AC37-F9DF498E4FDF}.Debug|x64.ActiveCfg = Debug|Any CPU
		{7AA00EC0-66E9-4F4D-AC37-F9DF498E4FDF}.Debug|x64.Build.0 = Debug|Any CPU
		{7AA00EC0-66E9-4F4D-AC37-F9DF498E4FDF}.Debug|x86.ActiveCfg = Debug|Any CPU
		{7AA00EC0-66E9-4F4D-AC37-F9DF498E4FDF}.Debug|x86.Build.0 = Debug|Any CPU
		{7AA00EC0-66E9-4F4D-AC37-F9DF498E4FDF}.Release|Any CPU.ActiveCfg = Release|Any CPU
		{7AA00EC0-66E9-4F4D-AC37-F9DF498E4FDF}.Release|Any CPU.Build.0 = Release|Any CPU
		{7AA00EC0-66E9-4F4D-AC37-F9DF498E4FDF}.Release|x64.ActiveCfg = Release|Any CPU
		{7AA00EC0-66E9-4F4D-AC37-F9DF498E4FDF}.Release|x64.Build.0 = Release|Any CPU
		{7AA00EC0-66E9-4F4D-AC37-F9DF498E4FDF}.Release|x86.ActiveCfg = Release|Any CPU
		{7AA00EC0-66E9-4F4D-AC37-F9DF498E4FDF}.Release|x86.Build.0 = Release|Any CPU
		{DD1A28CE-0DC8-4F02-B157-FA92719B1DA7}.Debug|Any CPU.ActiveCfg = Debug|x86
		{DD1A28CE-0DC8-4F02-B157-FA92719B1DA7}.Debug|x64.ActiveCfg = Debug|x64
		{DD1A28CE-0DC8-4F02-B157-FA92719B1DA7}.Debug|x64.Build.0 = Debug|x64
		{DD1A28CE-0DC8-4F02-B157-FA92719B1DA7}.Debug|x86.ActiveCfg = Debug|x86
		{DD1A28CE-0DC8-4F02-B157-FA92719B1DA7}.Debug|x86.Build.0 = Debug|x86
		{DD1A28CE-0DC8-4F02-B157-FA92719B1DA7}.Release|Any CPU.ActiveCfg = Release|x86
		{DD1A28CE-0DC8-4F02-B157-FA92719B1DA7}.Release|x64.ActiveCfg = Release|x64
		{DD1A28CE-0DC8-4F02-B157-FA92719B1DA7}.Release|x64.Build.0 = Release|x64
		{DD1A28CE-0DC8-4F02-B157-FA92719B1DA7}.Release|x86.ActiveCfg = Release|x86
		{DD1A28CE-0DC8-4F02-B157-FA92719B1DA7}.Release|x86.Build.0 = Release|x86
		{C243DC2A-A152-416D-B8AE-AFA8C7E00810}.Debug|Any CPU.ActiveCfg = Debug|x86
		{C243DC2A-A152-416D-B8AE-AFA8C7E00810}.Debug|x64.ActiveCfg = Debug|x64
		{C243DC2A-A152-416D-B8AE-AFA8C7E00810}.Debug|x64.Build.0 = Debug|x64
		{C243DC2A-A152-416D-B8AE-AFA8C7E00810}.Debug|x86.ActiveCfg = Debug|x86
		{C243DC2A-A152-416D-B8AE-AFA8C7E00810}.Debug|x86.Build.0 = Debug|x86
		{C243DC2A-A152-416D-B8AE-AFA8C7E00810}.Release|Any CPU.ActiveCfg = Release|x86
		{C243DC2A-A152-416D-B8AE-AFA8C7E00810}.Release|x64.ActiveCfg = Release|x64
		{C243DC2A-A152-416D-B8AE-AFA8C7E00810}.Release|x64.Build.0 = Release|x64
		{C243DC2A-A152-416D-B8AE-AFA8C7E00810}.Release|x86.ActiveCfg = Release|x86
		{C243DC2A-A152-416D-B8AE-AFA8C7E00810}.Release|x86.Build.0 = Release|x86
		{F4C4A85C-1767-4FCF-9AC2-374ED4789F46}.Debug|Any CPU.ActiveCfg = Debug|Any CPU
		{F4C4A85C-1767-4FCF-9AC2-374ED4789F46}.Debug|Any CPU.Build.0 = Debug|Any CPU
		{F4C4A85C-1767-4FCF-9AC2-374ED4789F46}.Debug|x64.ActiveCfg = Debug|Any CPU
		{F4C4A85C-1767-4FCF-9AC2-374ED4789F46}.Debug|x64.Build.0 = Debug|Any CPU
		{F4C4A85C-1767-4FCF-9AC2-374ED4789F46}.Debug|x86.ActiveCfg = Debug|Any CPU
		{F4C4A85C-1767-4FCF-9AC2-374ED4789F46}.Debug|x86.Build.0 = Debug|Any CPU
		{F4C4A85C-1767-4FCF-9AC2-374ED4789F46}.Release|Any CPU.ActiveCfg = Release|Any CPU
		{F4C4A85C-1767-4FCF-9AC2-374ED4789F46}.Release|Any CPU.Build.0 = Release|Any CPU
		{F4C4A85C-1767-4FCF-9AC2-374ED4789F46}.Release|x64.ActiveCfg = Release|Any CPU
		{F4C4A85C-1767-4FCF-9AC2-374ED4789F46}.Release|x64.Build.0 = Release|Any CPU
		{F4C4A85C-1767-4FCF-9AC2-374ED4789F46}.Release|x86.ActiveCfg = Release|Any CPU
		{F4C4A85C-1767-4FCF-9AC2-374ED4789F46}.Release|x86.Build.0 = Release|Any CPU
		{FAEC716F-5BA1-460E-B907-02B9E2579772}.Debug|Any CPU.ActiveCfg = Debug|x86
		{FAEC716F-5BA1-460E-B907-02B9E2579772}.Debug|Any CPU.Build.0 = Debug|x86
		{FAEC716F-5BA1-460E-B907-02B9E2579772}.Debug|x64.ActiveCfg = Debug|x64
		{FAEC716F-5BA1-460E-B907-02B9E2579772}.Debug|x86.ActiveCfg = Debug|x86
		{FAEC716F-5BA1-460E-B907-02B9E2579772}.Debug|x86.Build.0 = Debug|x86
		{FAEC716F-5BA1-460E-B907-02B9E2579772}.Release|Any CPU.ActiveCfg = Release|Any CPU
		{FAEC716F-5BA1-460E-B907-02B9E2579772}.Release|Any CPU.Build.0 = Release|Any CPU
		{FAEC716F-5BA1-460E-B907-02B9E2579772}.Release|x64.ActiveCfg = Release|x86
		{FAEC716F-5BA1-460E-B907-02B9E2579772}.Release|x86.ActiveCfg = Release|x86
		{FAEC716F-5BA1-460E-B907-02B9E2579772}.Release|x86.Build.0 = Release|x86
		{B26AD97D-E148-411E-9365-99BC68403B7E}.Debug|Any CPU.ActiveCfg = Debug|Any CPU
		{B26AD97D-E148-411E-9365-99BC68403B7E}.Debug|Any CPU.Build.0 = Debug|Any CPU
		{B26AD97D-E148-411E-9365-99BC68403B7E}.Debug|x64.ActiveCfg = Debug|Any CPU
		{B26AD97D-E148-411E-9365-99BC68403B7E}.Debug|x64.Build.0 = Debug|Any CPU
		{B26AD97D-E148-411E-9365-99BC68403B7E}.Debug|x86.ActiveCfg = Debug|Any CPU
		{B26AD97D-E148-411E-9365-99BC68403B7E}.Debug|x86.Build.0 = Debug|Any CPU
		{B26AD97D-E148-411E-9365-99BC68403B7E}.Release|Any CPU.ActiveCfg = Release|Any CPU
		{B26AD97D-E148-411E-9365-99BC68403B7E}.Release|Any CPU.Build.0 = Release|Any CPU
		{B26AD97D-E148-411E-9365-99BC68403B7E}.Release|x64.ActiveCfg = Release|Any CPU
		{B26AD97D-E148-411E-9365-99BC68403B7E}.Release|x64.Build.0 = Release|Any CPU
		{B26AD97D-E148-411E-9365-99BC68403B7E}.Release|x86.ActiveCfg = Release|Any CPU
		{B26AD97D-E148-411E-9365-99BC68403B7E}.Release|x86.Build.0 = Release|Any CPU
		{A369A3BF-7863-4B9B-A28E-8BAFEDA4B883}.Debug|Any CPU.ActiveCfg = Debug|Any CPU
		{A369A3BF-7863-4B9B-A28E-8BAFEDA4B883}.Debug|Any CPU.Build.0 = Debug|Any CPU
		{A369A3BF-7863-4B9B-A28E-8BAFEDA4B883}.Debug|x64.ActiveCfg = Debug|Any CPU
		{A369A3BF-7863-4B9B-A28E-8BAFEDA4B883}.Debug|x86.ActiveCfg = Debug|Any CPU
		{A369A3BF-7863-4B9B-A28E-8BAFEDA4B883}.Debug|x86.Build.0 = Debug|Any CPU
		{A369A3BF-7863-4B9B-A28E-8BAFEDA4B883}.Release|Any CPU.ActiveCfg = Release|Any CPU
		{A369A3BF-7863-4B9B-A28E-8BAFEDA4B883}.Release|Any CPU.Build.0 = Release|Any CPU
		{A369A3BF-7863-4B9B-A28E-8BAFEDA4B883}.Release|x64.ActiveCfg = Release|Any CPU
		{A369A3BF-7863-4B9B-A28E-8BAFEDA4B883}.Release|x64.Build.0 = Release|Any CPU
		{A369A3BF-7863-4B9B-A28E-8BAFEDA4B883}.Release|x86.ActiveCfg = Release|Any CPU
		{A369A3BF-7863-4B9B-A28E-8BAFEDA4B883}.Release|x86.Build.0 = Release|Any CPU
		{729B6538-C742-4F3C-BD7A-7AA237998365}.Debug|Any CPU.ActiveCfg = Debug|x86
		{729B6538-C742-4F3C-BD7A-7AA237998365}.Debug|x64.ActiveCfg = Debug|x64
		{729B6538-C742-4F3C-BD7A-7AA237998365}.Debug|x64.Build.0 = Debug|x64
		{729B6538-C742-4F3C-BD7A-7AA237998365}.Debug|x86.ActiveCfg = Debug|x86
		{729B6538-C742-4F3C-BD7A-7AA237998365}.Debug|x86.Build.0 = Debug|x86
		{729B6538-C742-4F3C-BD7A-7AA237998365}.Release|Any CPU.ActiveCfg = Release|x86
		{729B6538-C742-4F3C-BD7A-7AA237998365}.Release|x64.ActiveCfg = Release|x64
		{729B6538-C742-4F3C-BD7A-7AA237998365}.Release|x64.Build.0 = Release|x64
		{729B6538-C742-4F3C-BD7A-7AA237998365}.Release|x86.ActiveCfg = Release|x86
		{729B6538-C742-4F3C-BD7A-7AA237998365}.Release|x86.Build.0 = Release|x86
		{F8B02EF0-7299-4E7B-98AF-6CFD56493A1C}.Debug|Any CPU.ActiveCfg = Debug|x86
		{F8B02EF0-7299-4E7B-98AF-6CFD56493A1C}.Debug|x64.ActiveCfg = Debug|x64
		{F8B02EF0-7299-4E7B-98AF-6CFD56493A1C}.Debug|x64.Build.0 = Debug|x64
		{F8B02EF0-7299-4E7B-98AF-6CFD56493A1C}.Debug|x86.ActiveCfg = Debug|x86
		{F8B02EF0-7299-4E7B-98AF-6CFD56493A1C}.Debug|x86.Build.0 = Debug|x86
		{F8B02EF0-7299-4E7B-98AF-6CFD56493A1C}.Release|Any CPU.ActiveCfg = Release|x86
		{F8B02EF0-7299-4E7B-98AF-6CFD56493A1C}.Release|x64.ActiveCfg = Release|x64
		{F8B02EF0-7299-4E7B-98AF-6CFD56493A1C}.Release|x64.Build.0 = Release|x64
		{F8B02EF0-7299-4E7B-98AF-6CFD56493A1C}.Release|x86.ActiveCfg = Release|x86
		{F8B02EF0-7299-4E7B-98AF-6CFD56493A1C}.Release|x86.Build.0 = Release|x86
		{CABE58AC-9541-44CF-B8C5-C40B31BBF7EB}.Debug|Any CPU.ActiveCfg = Debug|Any CPU
		{CABE58AC-9541-44CF-B8C5-C40B31BBF7EB}.Debug|Any CPU.Build.0 = Debug|Any CPU
		{CABE58AC-9541-44CF-B8C5-C40B31BBF7EB}.Debug|x64.ActiveCfg = Debug|Any CPU
		{CABE58AC-9541-44CF-B8C5-C40B31BBF7EB}.Debug|x64.Build.0 = Debug|Any CPU
		{CABE58AC-9541-44CF-B8C5-C40B31BBF7EB}.Debug|x86.ActiveCfg = Debug|Any CPU
		{CABE58AC-9541-44CF-B8C5-C40B31BBF7EB}.Debug|x86.Build.0 = Debug|Any CPU
		{CABE58AC-9541-44CF-B8C5-C40B31BBF7EB}.Release|Any CPU.ActiveCfg = Release|Any CPU
		{CABE58AC-9541-44CF-B8C5-C40B31BBF7EB}.Release|Any CPU.Build.0 = Release|Any CPU
		{CABE58AC-9541-44CF-B8C5-C40B31BBF7EB}.Release|x64.ActiveCfg = Release|Any CPU
		{CABE58AC-9541-44CF-B8C5-C40B31BBF7EB}.Release|x64.Build.0 = Release|Any CPU
		{CABE58AC-9541-44CF-B8C5-C40B31BBF7EB}.Release|x86.ActiveCfg = Release|Any CPU
		{CABE58AC-9541-44CF-B8C5-C40B31BBF7EB}.Release|x86.Build.0 = Release|Any CPU
		{6FF407C8-A6BA-4AFF-AB53-55D6C0881DDE}.Debug|Any CPU.ActiveCfg = Debug|Any CPU
		{6FF407C8-A6BA-4AFF-AB53-55D6C0881DDE}.Debug|Any CPU.Build.0 = Debug|Any CPU
		{6FF407C8-A6BA-4AFF-AB53-55D6C0881DDE}.Debug|x64.ActiveCfg = Debug|Any CPU
		{6FF407C8-A6BA-4AFF-AB53-55D6C0881DDE}.Debug|x64.Build.0 = Debug|Any CPU
		{6FF407C8-A6BA-4AFF-AB53-55D6C0881DDE}.Debug|x86.ActiveCfg = Debug|Any CPU
		{6FF407C8-A6BA-4AFF-AB53-55D6C0881DDE}.Debug|x86.Build.0 = Debug|Any CPU
		{6FF407C8-A6BA-4AFF-AB53-55D6C0881DDE}.Release|Any CPU.ActiveCfg = Release|Any CPU
		{6FF407C8-A6BA-4AFF-AB53-55D6C0881DDE}.Release|Any CPU.Build.0 = Release|Any CPU
		{6FF407C8-A6BA-4AFF-AB53-55D6C0881DDE}.Release|x64.ActiveCfg = Release|Any CPU
		{6FF407C8-A6BA-4AFF-AB53-55D6C0881DDE}.Release|x64.Build.0 = Release|Any CPU
		{6FF407C8-A6BA-4AFF-AB53-55D6C0881DDE}.Release|x86.ActiveCfg = Release|Any CPU
		{6FF407C8-A6BA-4AFF-AB53-55D6C0881DDE}.Release|x86.Build.0 = Release|Any CPU
		{B89535A3-59C3-44EF-8A66-EEDDCA968284}.Debug|Any CPU.ActiveCfg = Debug|Any CPU
		{B89535A3-59C3-44EF-8A66-EEDDCA968284}.Debug|Any CPU.Build.0 = Debug|Any CPU
		{B89535A3-59C3-44EF-8A66-EEDDCA968284}.Debug|x64.ActiveCfg = Debug|Any CPU
		{B89535A3-59C3-44EF-8A66-EEDDCA968284}.Debug|x64.Build.0 = Debug|Any CPU
		{B89535A3-59C3-44EF-8A66-EEDDCA968284}.Debug|x86.ActiveCfg = Debug|Any CPU
		{B89535A3-59C3-44EF-8A66-EEDDCA968284}.Debug|x86.Build.0 = Debug|Any CPU
		{B89535A3-59C3-44EF-8A66-EEDDCA968284}.Release|Any CPU.ActiveCfg = Release|Any CPU
		{B89535A3-59C3-44EF-8A66-EEDDCA968284}.Release|Any CPU.Build.0 = Release|Any CPU
		{B89535A3-59C3-44EF-8A66-EEDDCA968284}.Release|x64.ActiveCfg = Release|Any CPU
		{B89535A3-59C3-44EF-8A66-EEDDCA968284}.Release|x64.Build.0 = Release|Any CPU
		{B89535A3-59C3-44EF-8A66-EEDDCA968284}.Release|x86.ActiveCfg = Release|Any CPU
		{B89535A3-59C3-44EF-8A66-EEDDCA968284}.Release|x86.Build.0 = Release|Any CPU
		{C168ADFD-7A3B-49AF-8D11-2F6D1BE39348}.Debug|Any CPU.ActiveCfg = Debug|x64
		{C168ADFD-7A3B-49AF-8D11-2F6D1BE39348}.Debug|x64.ActiveCfg = Debug|x64
		{C168ADFD-7A3B-49AF-8D11-2F6D1BE39348}.Debug|x64.Build.0 = Debug|x64
		{C168ADFD-7A3B-49AF-8D11-2F6D1BE39348}.Debug|x86.ActiveCfg = Debug|x86
		{C168ADFD-7A3B-49AF-8D11-2F6D1BE39348}.Debug|x86.Build.0 = Debug|x86
		{C168ADFD-7A3B-49AF-8D11-2F6D1BE39348}.Release|Any CPU.ActiveCfg = Release|Any CPU
		{C168ADFD-7A3B-49AF-8D11-2F6D1BE39348}.Release|Any CPU.Build.0 = Release|Any CPU
		{C168ADFD-7A3B-49AF-8D11-2F6D1BE39348}.Release|x64.ActiveCfg = Release|x86
		{C168ADFD-7A3B-49AF-8D11-2F6D1BE39348}.Release|x86.ActiveCfg = Release|x86
		{C168ADFD-7A3B-49AF-8D11-2F6D1BE39348}.Release|x86.Build.0 = Release|x86
		{764CEA15-0A27-4A93-BAD6-F89C2B450B9C}.Debug|Any CPU.ActiveCfg = Debug|Any CPU
		{764CEA15-0A27-4A93-BAD6-F89C2B450B9C}.Debug|Any CPU.Build.0 = Debug|Any CPU
		{764CEA15-0A27-4A93-BAD6-F89C2B450B9C}.Debug|x64.ActiveCfg = Debug|Any CPU
		{764CEA15-0A27-4A93-BAD6-F89C2B450B9C}.Debug|x64.Build.0 = Debug|Any CPU
		{764CEA15-0A27-4A93-BAD6-F89C2B450B9C}.Debug|x86.ActiveCfg = Debug|Any CPU
		{764CEA15-0A27-4A93-BAD6-F89C2B450B9C}.Debug|x86.Build.0 = Debug|Any CPU
		{764CEA15-0A27-4A93-BAD6-F89C2B450B9C}.Release|Any CPU.ActiveCfg = Release|Any CPU
		{764CEA15-0A27-4A93-BAD6-F89C2B450B9C}.Release|Any CPU.Build.0 = Release|Any CPU
		{764CEA15-0A27-4A93-BAD6-F89C2B450B9C}.Release|x64.ActiveCfg = Release|Any CPU
		{764CEA15-0A27-4A93-BAD6-F89C2B450B9C}.Release|x64.Build.0 = Release|Any CPU
		{764CEA15-0A27-4A93-BAD6-F89C2B450B9C}.Release|x86.ActiveCfg = Release|Any CPU
		{764CEA15-0A27-4A93-BAD6-F89C2B450B9C}.Release|x86.Build.0 = Release|Any CPU
		{07C6E182-768D-4801-9FDD-199E5E328E27}.Debug|Any CPU.ActiveCfg = Debug|Any CPU
		{07C6E182-768D-4801-9FDD-199E5E328E27}.Debug|Any CPU.Build.0 = Debug|Any CPU
		{07C6E182-768D-4801-9FDD-199E5E328E27}.Debug|x64.ActiveCfg = Debug|x64
		{07C6E182-768D-4801-9FDD-199E5E328E27}.Debug|x64.Build.0 = Debug|x64
		{07C6E182-768D-4801-9FDD-199E5E328E27}.Debug|x86.ActiveCfg = Debug|x86
		{07C6E182-768D-4801-9FDD-199E5E328E27}.Debug|x86.Build.0 = Debug|x86
		{07C6E182-768D-4801-9FDD-199E5E328E27}.Release|Any CPU.ActiveCfg = Release|Any CPU
		{07C6E182-768D-4801-9FDD-199E5E328E27}.Release|Any CPU.Build.0 = Release|Any CPU
		{07C6E182-768D-4801-9FDD-199E5E328E27}.Release|x64.ActiveCfg = Release|Any CPU
		{07C6E182-768D-4801-9FDD-199E5E328E27}.Release|x64.Build.0 = Release|Any CPU
		{07C6E182-768D-4801-9FDD-199E5E328E27}.Release|x86.ActiveCfg = Release|Any CPU
		{07C6E182-768D-4801-9FDD-199E5E328E27}.Release|x86.Build.0 = Release|Any CPU
		{A1C31960-F751-4B86-9AFA-027716783832}.Debug|Any CPU.ActiveCfg = Debug|Any CPU
		{A1C31960-F751-4B86-9AFA-027716783832}.Debug|Any CPU.Build.0 = Debug|Any CPU
		{A1C31960-F751-4B86-9AFA-027716783832}.Debug|x64.ActiveCfg = Debug|Any CPU
		{A1C31960-F751-4B86-9AFA-027716783832}.Debug|x64.Build.0 = Debug|Any CPU
		{A1C31960-F751-4B86-9AFA-027716783832}.Debug|x86.ActiveCfg = Debug|Any CPU
		{A1C31960-F751-4B86-9AFA-027716783832}.Debug|x86.Build.0 = Debug|Any CPU
		{A1C31960-F751-4B86-9AFA-027716783832}.Release|Any CPU.ActiveCfg = Release|Any CPU
		{A1C31960-F751-4B86-9AFA-027716783832}.Release|Any CPU.Build.0 = Release|Any CPU
		{A1C31960-F751-4B86-9AFA-027716783832}.Release|x64.ActiveCfg = Release|Any CPU
		{A1C31960-F751-4B86-9AFA-027716783832}.Release|x64.Build.0 = Release|Any CPU
		{A1C31960-F751-4B86-9AFA-027716783832}.Release|x86.ActiveCfg = Release|Any CPU
		{A1C31960-F751-4B86-9AFA-027716783832}.Release|x86.Build.0 = Release|Any CPU
	EndGlobalSection
	GlobalSection(SolutionProperties) = preSolution
		HideSolutionNode = FALSE
	EndGlobalSection
	GlobalSection(NestedProjects) = preSolution
		{3050E0B9-694E-45E3-BEE5-A2380C123CC6} = {C0CA01EB-B578-4C26-BEA2-E8346070C9B7}
		{7AA00EC0-66E9-4F4D-AC37-F9DF498E4FDF} = {C0CA01EB-B578-4C26-BEA2-E8346070C9B7}
		{A369A3BF-7863-4B9B-A28E-8BAFEDA4B883} = {C0CA01EB-B578-4C26-BEA2-E8346070C9B7}
		{CABE58AC-9541-44CF-B8C5-C40B31BBF7EB} = {C0CA01EB-B578-4C26-BEA2-E8346070C9B7}
		{6FF407C8-A6BA-4AFF-AB53-55D6C0881DDE} = {C0CA01EB-B578-4C26-BEA2-E8346070C9B7}
		{B89535A3-59C3-44EF-8A66-EEDDCA968284} = {C0CA01EB-B578-4C26-BEA2-E8346070C9B7}
		{764CEA15-0A27-4A93-BAD6-F89C2B450B9C} = {C0CA01EB-B578-4C26-BEA2-E8346070C9B7}
		{A1C31960-F751-4B86-9AFA-027716783832} = {C0CA01EB-B578-4C26-BEA2-E8346070C9B7}
	EndGlobalSection
	GlobalSection(ExtensibilityGlobals) = postSolution
		SolutionGuid = {86D768BF-7D68-4CF0-819F-6FD0F63A3223}
	EndGlobalSection
EndGlobal
